// !$*UTF8*$!
{
	archiveVersion = 1;
	classes = {
	};
	objectVersion = 51;
	objects = {

/* Begin PBXBuildFile section */
		3D0662FCA28C3778E9C6056F /* Pods_chitchat.framework in Frameworks */ = {isa = PBXBuildFile; fileRef = 0F44272E9F3F3BC3D21F0D59 /* Pods_chitchat.framework */; };
		6E1732E426D4AF02008F5B0A /* Constants.swift in Sources */ = {isa = PBXBuildFile; fileRef = 6E1732E326D4AF02008F5B0A /* Constants.swift */; };
		6E61D6F226D1371000F662A4 /* StringExtension.swift in Sources */ = {isa = PBXBuildFile; fileRef = 6E61D6F126D1371000F662A4 /* StringExtension.swift */; };
		6E6B2B6D26C68568003D91C7 /* AppDelegate.swift in Sources */ = {isa = PBXBuildFile; fileRef = 6E6B2B6C26C68568003D91C7 /* AppDelegate.swift */; };
		6E6B2B6F26C68568003D91C7 /* SceneDelegate.swift in Sources */ = {isa = PBXBuildFile; fileRef = 6E6B2B6E26C68568003D91C7 /* SceneDelegate.swift */; };
		6E6B2B7126C68568003D91C7 /* ViewController.swift in Sources */ = {isa = PBXBuildFile; fileRef = 6E6B2B7026C68568003D91C7 /* ViewController.swift */; };
		6E6B2B7426C68568003D91C7 /* Main.storyboard in Resources */ = {isa = PBXBuildFile; fileRef = 6E6B2B7226C68568003D91C7 /* Main.storyboard */; };
		6E6B2B7626C6856A003D91C7 /* Assets.xcassets in Resources */ = {isa = PBXBuildFile; fileRef = 6E6B2B7526C6856A003D91C7 /* Assets.xcassets */; };
		6E6B2B7926C6856A003D91C7 /* LaunchScreen.storyboard in Resources */ = {isa = PBXBuildFile; fileRef = 6E6B2B7726C6856A003D91C7 /* LaunchScreen.storyboard */; };
		6EEC35D926D256EF0031C9A8 /* UIAlertControllerExtension.swift in Sources */ = {isa = PBXBuildFile; fileRef = 6EEC35D826D256EF0031C9A8 /* UIAlertControllerExtension.swift */; };
		6EEC35DB26D263DB0031C9A8 /* GoogleService-Info.plist in Resources */ = {isa = PBXBuildFile; fileRef = 6EEC35DA26D263DB0031C9A8 /* GoogleService-Info.plist */; };
		6EF6877D26C7CB0E00F32263 /* HomeViewController.swift in Sources */ = {isa = PBXBuildFile; fileRef = 6EF6877C26C7CB0E00F32263 /* HomeViewController.swift */; };
		6EF6877F26C7CB2900F32263 /* RegisterViewController.swift in Sources */ = {isa = PBXBuildFile; fileRef = 6EF6877E26C7CB2900F32263 /* RegisterViewController.swift */; };
		6EF6878126C7CB4100F32263 /* LoginViewController.swift in Sources */ = {isa = PBXBuildFile; fileRef = 6EF6878026C7CB4100F32263 /* LoginViewController.swift */; };
		6EF6878326C7CB6700F32263 /* ChatViewController.swift in Sources */ = {isa = PBXBuildFile; fileRef = 6EF6878226C7CB6700F32263 /* ChatViewController.swift */; };
/* End PBXBuildFile section */

/* Begin PBXFileReference section */
		0F44272E9F3F3BC3D21F0D59 /* Pods_chitchat.framework */ = {isa = PBXFileReference; explicitFileType = wrapper.framework; includeInIndex = 0; path = Pods_chitchat.framework; sourceTree = BUILT_PRODUCTS_DIR; };
		5565AB59DA60E3326427CFCE /* Pods-chitchat.release.xcconfig */ = {isa = PBXFileReference; includeInIndex = 1; lastKnownFileType = text.xcconfig; name = "Pods-chitchat.release.xcconfig"; path = "Target Support Files/Pods-chitchat/Pods-chitchat.release.xcconfig"; sourceTree = "<group>"; };
		6E1732E326D4AF02008F5B0A /* Constants.swift */ = {isa = PBXFileReference; lastKnownFileType = sourcecode.swift; path = Constants.swift; sourceTree = "<group>"; };
		6E61D6F126D1371000F662A4 /* StringExtension.swift */ = {isa = PBXFileReference; lastKnownFileType = sourcecode.swift; path = StringExtension.swift; sourceTree = "<group>"; };
		6E6B2B6926C68568003D91C7 /* chitchat.app */ = {isa = PBXFileReference; explicitFileType = wrapper.application; includeInIndex = 0; path = chitchat.app; sourceTree = BUILT_PRODUCTS_DIR; };
		6E6B2B6C26C68568003D91C7 /* AppDelegate.swift */ = {isa = PBXFileReference; lastKnownFileType = sourcecode.swift; path = AppDelegate.swift; sourceTree = "<group>"; };
		6E6B2B6E26C68568003D91C7 /* SceneDelegate.swift */ = {isa = PBXFileReference; lastKnownFileType = sourcecode.swift; path = SceneDelegate.swift; sourceTree = "<group>"; };
		6E6B2B7026C68568003D91C7 /* ViewController.swift */ = {isa = PBXFileReference; lastKnownFileType = sourcecode.swift; path = ViewController.swift; sourceTree = "<group>"; };
		6E6B2B7326C68568003D91C7 /* Base */ = {isa = PBXFileReference; lastKnownFileType = file.storyboard; name = Base; path = Base.lproj/Main.storyboard; sourceTree = "<group>"; };
		6E6B2B7526C6856A003D91C7 /* Assets.xcassets */ = {isa = PBXFileReference; lastKnownFileType = folder.assetcatalog; path = Assets.xcassets; sourceTree = "<group>"; };
		6E6B2B7826C6856A003D91C7 /* Base */ = {isa = PBXFileReference; lastKnownFileType = file.storyboard; name = Base; path = Base.lproj/LaunchScreen.storyboard; sourceTree = "<group>"; };
		6E6B2B7A26C6856A003D91C7 /* Info.plist */ = {isa = PBXFileReference; lastKnownFileType = text.plist.xml; path = Info.plist; sourceTree = "<group>"; };
		6EEC35D826D256EF0031C9A8 /* UIAlertControllerExtension.swift */ = {isa = PBXFileReference; lastKnownFileType = sourcecode.swift; path = UIAlertControllerExtension.swift; sourceTree = "<group>"; };
		6EEC35DA26D263DB0031C9A8 /* GoogleService-Info.plist */ = {isa = PBXFileReference; fileEncoding = 4; lastKnownFileType = text.plist.xml; path = "GoogleService-Info.plist"; sourceTree = "<group>"; };
		6EF6877C26C7CB0E00F32263 /* HomeViewController.swift */ = {isa = PBXFileReference; lastKnownFileType = sourcecode.swift; path = HomeViewController.swift; sourceTree = "<group>"; };
		6EF6877E26C7CB2900F32263 /* RegisterViewController.swift */ = {isa = PBXFileReference; lastKnownFileType = sourcecode.swift; path = RegisterViewController.swift; sourceTree = "<group>"; };
		6EF6878026C7CB4100F32263 /* LoginViewController.swift */ = {isa = PBXFileReference; lastKnownFileType = sourcecode.swift; path = LoginViewController.swift; sourceTree = "<group>"; };
		6EF6878226C7CB6700F32263 /* ChatViewController.swift */ = {isa = PBXFileReference; lastKnownFileType = sourcecode.swift; path = ChatViewController.swift; sourceTree = "<group>"; };
		CBDD34D59800493656772A7D /* Pods-chitchat.debug.xcconfig */ = {isa = PBXFileReference; includeInIndex = 1; lastKnownFileType = text.xcconfig; name = "Pods-chitchat.debug.xcconfig"; path = "Target Support Files/Pods-chitchat/Pods-chitchat.debug.xcconfig"; sourceTree = "<group>"; };
/* End PBXFileReference section */

/* Begin PBXFrameworksBuildPhase section */
		6E6B2B6626C68568003D91C7 /* Frameworks */ = {
			isa = PBXFrameworksBuildPhase;
			buildActionMask = 2147483647;
			files = (
				3D0662FCA28C3778E9C6056F /* Pods_chitchat.framework in Frameworks */,
			);
			runOnlyForDeploymentPostprocessing = 0;
		};
/* End PBXFrameworksBuildPhase section */

/* Begin PBXGroup section */
		6E14A49F26C696E500D02C89 /* Views */ = {
			isa = PBXGroup;
			children = (
				6E6B2B7226C68568003D91C7 /* Main.storyboard */,
			);
			path = Views;
			sourceTree = "<group>";
		};
		6E14A4A026C696ED00D02C89 /* Models */ = {
			isa = PBXGroup;
			children = (
			);
			path = Models;
			sourceTree = "<group>";
		};
		6E14A4A126C696F200D02C89 /* Controllers */ = {
			isa = PBXGroup;
			children = (
				6EF6877C26C7CB0E00F32263 /* HomeViewController.swift */,
				6EF6877E26C7CB2900F32263 /* RegisterViewController.swift */,
				6EF6878026C7CB4100F32263 /* LoginViewController.swift */,
				6EF6878226C7CB6700F32263 /* ChatViewController.swift */,
				6E61D6F126D1371000F662A4 /* StringExtension.swift */,
				6EEC35D826D256EF0031C9A8 /* UIAlertControllerExtension.swift */,
			);
			path = Controllers;
			sourceTree = "<group>";
		};
		6E6B2B6026C68568003D91C7 = {
			isa = PBXGroup;
			children = (
				6E6B2B6B26C68568003D91C7 /* chitchat */,
				6E6B2B6A26C68568003D91C7 /* Products */,
				A97DF7377D23199BD6EE4D9A /* Pods */,
				F6AB9D9FB9E3F06710063DE9 /* Frameworks */,
			);
			sourceTree = "<group>";
		};
		6E6B2B6A26C68568003D91C7 /* Products */ = {
			isa = PBXGroup;
			children = (
				6E6B2B6926C68568003D91C7 /* chitchat.app */,
			);
			name = Products;
			sourceTree = "<group>";
		};
		6E6B2B6B26C68568003D91C7 /* chitchat */ = {
			isa = PBXGroup;
			children = (
				6E14A4A026C696ED00D02C89 /* Models */,
				6E14A49F26C696E500D02C89 /* Views */,
				6E14A4A126C696F200D02C89 /* Controllers */,
				6E6B2B6C26C68568003D91C7 /* AppDelegate.swift */,
				6E6B2B6E26C68568003D91C7 /* SceneDelegate.swift */,
				6E6B2B7026C68568003D91C7 /* ViewController.swift */,
				6E6B2B7526C6856A003D91C7 /* Assets.xcassets */,
				6E6B2B7726C6856A003D91C7 /* LaunchScreen.storyboard */,
				6EEC35DA26D263DB0031C9A8 /* GoogleService-Info.plist */,
				6E6B2B7A26C6856A003D91C7 /* Info.plist */,
				6E1732E326D4AF02008F5B0A /* Constants.swift */,
			);
			path = chitchat;
			sourceTree = "<group>";
		};
		A97DF7377D23199BD6EE4D9A /* Pods */ = {
			isa = PBXGroup;
			children = (
				CBDD34D59800493656772A7D /* Pods-chitchat.debug.xcconfig */,
				5565AB59DA60E3326427CFCE /* Pods-chitchat.release.xcconfig */,
			);
			path = Pods;
			sourceTree = "<group>";
		};
		F6AB9D9FB9E3F06710063DE9 /* Frameworks */ = {
			isa = PBXGroup;
			children = (
				0F44272E9F3F3BC3D21F0D59 /* Pods_chitchat.framework */,
			);
			name = Frameworks;
			sourceTree = "<group>";
		};
/* End PBXGroup section */

/* Begin PBXNativeTarget section */
		6E6B2B6826C68568003D91C7 /* chitchat */ = {
			isa = PBXNativeTarget;
			buildConfigurationList = 6E6B2B7D26C6856A003D91C7 /* Build configuration list for PBXNativeTarget "chitchat" */;
			buildPhases = (
				BF63DAAE181568BCB5FF0295 /* [CP] Check Pods Manifest.lock */,
				6E6B2B6526C68568003D91C7 /* Sources */,
				6E6B2B6626C68568003D91C7 /* Frameworks */,
				6E6B2B6726C68568003D91C7 /* Resources */,
				E337EEF9A5D397710CBD0022 /* [CP] Embed Pods Frameworks */,
			);
			buildRules = (
			);
			dependencies = (
			);
			name = chitchat;
			productName = chitchat;
			productReference = 6E6B2B6926C68568003D91C7 /* chitchat.app */;
			productType = "com.apple.product-type.application";
		};
/* End PBXNativeTarget section */

/* Begin PBXProject section */
		6E6B2B6126C68568003D91C7 /* Project object */ = {
			isa = PBXProject;
			attributes = {
				LastSwiftUpdateCheck = 1250;
				LastUpgradeCheck = 1250;
				TargetAttributes = {
					6E6B2B6826C68568003D91C7 = {
						CreatedOnToolsVersion = 12.5.1;
					};
				};
			};
			buildConfigurationList = 6E6B2B6426C68568003D91C7 /* Build configuration list for PBXProject "chitchat" */;
			compatibilityVersion = "Xcode 9.3";
			developmentRegion = en;
			hasScannedForEncodings = 0;
			knownRegions = (
				en,
				Base,
			);
			mainGroup = 6E6B2B6026C68568003D91C7;
			productRefGroup = 6E6B2B6A26C68568003D91C7 /* Products */;
			projectDirPath = "";
			projectRoot = "";
			targets = (
				6E6B2B6826C68568003D91C7 /* chitchat */,
			);
		};
/* End PBXProject section */

/* Begin PBXResourcesBuildPhase section */
		6E6B2B6726C68568003D91C7 /* Resources */ = {
			isa = PBXResourcesBuildPhase;
			buildActionMask = 2147483647;
			files = (
				6E6B2B7926C6856A003D91C7 /* LaunchScreen.storyboard in Resources */,
				6EEC35DB26D263DB0031C9A8 /* GoogleService-Info.plist in Resources */,
				6E6B2B7626C6856A003D91C7 /* Assets.xcassets in Resources */,
				6E6B2B7426C68568003D91C7 /* Main.storyboard in Resources */,
			);
			runOnlyForDeploymentPostprocessing = 0;
		};
/* End PBXResourcesBuildPhase section */

/* Begin PBXShellScriptBuildPhase section */
		BF63DAAE181568BCB5FF0295 /* [CP] Check Pods Manifest.lock */ = {
			isa = PBXShellScriptBuildPhase;
			buildActionMask = 2147483647;
			files = (
			);
			inputFileListPaths = (
			);
			inputPaths = (
				"${PODS_PODFILE_DIR_PATH}/Podfile.lock",
				"${PODS_ROOT}/Manifest.lock",
			);
			name = "[CP] Check Pods Manifest.lock";
			outputFileListPaths = (
			);
			outputPaths = (
				"$(DERIVED_FILE_DIR)/Pods-chitchat-checkManifestLockResult.txt",
			);
			runOnlyForDeploymentPostprocessing = 0;
			shellPath = /bin/sh;
			shellScript = "diff \"${PODS_PODFILE_DIR_PATH}/Podfile.lock\" \"${PODS_ROOT}/Manifest.lock\" > /dev/null\nif [ $? != 0 ] ; then\n    # print error to STDERR\n    echo \"error: The sandbox is not in sync with the Podfile.lock. Run 'pod install' or update your CocoaPods installation.\" >&2\n    exit 1\nfi\n# This output is used by Xcode 'outputs' to avoid re-running this script phase.\necho \"SUCCESS\" > \"${SCRIPT_OUTPUT_FILE_0}\"\n";
			showEnvVarsInLog = 0;
		};
		E337EEF9A5D397710CBD0022 /* [CP] Embed Pods Frameworks */ = {
			isa = PBXShellScriptBuildPhase;
			buildActionMask = 2147483647;
			files = (
			);
			inputFileListPaths = (
				"${PODS_ROOT}/Target Support Files/Pods-chitchat/Pods-chitchat-frameworks-${CONFIGURATION}-input-files.xcfilelist",
			);
			name = "[CP] Embed Pods Frameworks";
			outputFileListPaths = (
				"${PODS_ROOT}/Target Support Files/Pods-chitchat/Pods-chitchat-frameworks-${CONFIGURATION}-output-files.xcfilelist",
			);
			runOnlyForDeploymentPostprocessing = 0;
			shellPath = /bin/sh;
			shellScript = "\"${PODS_ROOT}/Target Support Files/Pods-chitchat/Pods-chitchat-frameworks.sh\"\n";
			showEnvVarsInLog = 0;
		};
/* End PBXShellScriptBuildPhase section */

/* Begin PBXSourcesBuildPhase section */
		6E6B2B6526C68568003D91C7 /* Sources */ = {
			isa = PBXSourcesBuildPhase;
			buildActionMask = 2147483647;
			files = (
				6E61D6F226D1371000F662A4 /* StringExtension.swift in Sources */,
				6EF6878126C7CB4100F32263 /* LoginViewController.swift in Sources */,
				6E6B2B7126C68568003D91C7 /* ViewController.swift in Sources */,
				6EF6877F26C7CB2900F32263 /* RegisterViewController.swift in Sources */,
				6EF6878326C7CB6700F32263 /* ChatViewController.swift in Sources */,
				6E1732E426D4AF02008F5B0A /* Constants.swift in Sources */,
				6EEC35D926D256EF0031C9A8 /* UIAlertControllerExtension.swift in Sources */,
				6E6B2B6D26C68568003D91C7 /* AppDelegate.swift in Sources */,
				6E6B2B6F26C68568003D91C7 /* SceneDelegate.swift in Sources */,
				6EF6877D26C7CB0E00F32263 /* HomeViewController.swift in Sources */,
			);
			runOnlyForDeploymentPostprocessing = 0;
		};
/* End PBXSourcesBuildPhase section */

/* Begin PBXVariantGroup section */
		6E6B2B7226C68568003D91C7 /* Main.storyboard */ = {
			isa = PBXVariantGroup;
			children = (
				6E6B2B7326C68568003D91C7 /* Base */,
			);
			name = Main.storyboard;
			sourceTree = "<group>";
		};
		6E6B2B7726C6856A003D91C7 /* LaunchScreen.storyboard */ = {
			isa = PBXVariantGroup;
			children = (
				6E6B2B7826C6856A003D91C7 /* Base */,
			);
			name = LaunchScreen.storyboard;
			sourceTree = "<group>";
		};
/* End PBXVariantGroup section */

/* Begin XCBuildConfiguration section */
		6E6B2B7B26C6856A003D91C7 /* Debug */ = {
			isa = XCBuildConfiguration;
			buildSettings = {
				ALWAYS_SEARCH_USER_PATHS = NO;
				CLANG_ANALYZER_NONNULL = YES;
				CLANG_ANALYZER_NUMBER_OBJECT_CONVERSION = YES_AGGRESSIVE;
				CLANG_CXX_LANGUAGE_STANDARD = "gnu++14";
				CLANG_CXX_LIBRARY = "libc++";
				CLANG_ENABLE_MODULES = YES;
				CLANG_ENABLE_OBJC_ARC = YES;
				CLANG_ENABLE_OBJC_WEAK = YES;
				CLANG_WARN_BLOCK_CAPTURE_AUTORELEASING = YES;
				CLANG_WARN_BOOL_CONVERSION = YES;
				CLANG_WARN_COMMA = YES;
				CLANG_WARN_CONSTANT_CONVERSION = YES;
				CLANG_WARN_DEPRECATED_OBJC_IMPLEMENTATIONS = YES;
				CLANG_WARN_DIRECT_OBJC_ISA_USAGE = YES_ERROR;
				CLANG_WARN_DOCUMENTATION_COMMENTS = YES;
				CLANG_WARN_EMPTY_BODY = YES;
				CLANG_WARN_ENUM_CONVERSION = YES;
				CLANG_WARN_INFINITE_RECURSION = YES;
				CLANG_WARN_INT_CONVERSION = YES;
				CLANG_WARN_NON_LITERAL_NULL_CONVERSION = YES;
				CLANG_WARN_OBJC_IMPLICIT_RETAIN_SELF = YES;
				CLANG_WARN_OBJC_LITERAL_CONVERSION = YES;
				CLANG_WARN_OBJC_ROOT_CLASS = YES_ERROR;
				CLANG_WARN_QUOTED_INCLUDE_IN_FRAMEWORK_HEADER = YES;
				CLANG_WARN_RANGE_LOOP_ANALYSIS = YES;
				CLANG_WARN_STRICT_PROTOTYPES = YES;
				CLANG_WARN_SUSPICIOUS_MOVE = YES;
				CLANG_WARN_UNGUARDED_AVAILABILITY = YES_AGGRESSIVE;
				CLANG_WARN_UNREACHABLE_CODE = YES;
				CLANG_WARN__DUPLICATE_METHOD_MATCH = YES;
				COPY_PHASE_STRIP = NO;
				DEBUG_INFORMATION_FORMAT = dwarf;
				ENABLE_STRICT_OBJC_MSGSEND = YES;
				ENABLE_TESTABILITY = YES;
				GCC_C_LANGUAGE_STANDARD = gnu11;
				GCC_DYNAMIC_NO_PIC = NO;
				GCC_NO_COMMON_BLOCKS = YES;
				GCC_OPTIMIZATION_LEVEL = 0;
				GCC_PREPROCESSOR_DEFINITIONS = (
					"DEBUG=1",
					"$(inherited)",
				);
				GCC_WARN_64_TO_32_BIT_CONVERSION = YES;
				GCC_WARN_ABOUT_RETURN_TYPE = YES_ERROR;
				GCC_WARN_UNDECLARED_SELECTOR = YES;
				GCC_WARN_UNINITIALIZED_AUTOS = YES_AGGRESSIVE;
				GCC_WARN_UNUSED_FUNCTION = YES;
				GCC_WARN_UNUSED_VARIABLE = YES;
				IPHONEOS_DEPLOYMENT_TARGET = 14.5;
				MTL_ENABLE_DEBUG_INFO = INCLUDE_SOURCE;
				MTL_FAST_MATH = YES;
				ONLY_ACTIVE_ARCH = YES;
				SDKROOT = iphoneos;
				SWIFT_ACTIVE_COMPILATION_CONDITIONS = DEBUG;
				SWIFT_OPTIMIZATION_LEVEL = "-Onone";
			};
			name = Debug;
		};
		6E6B2B7C26C6856A003D91C7 /* Release */ = {
			isa = XCBuildConfiguration;
			buildSettings = {
				ALWAYS_SEARCH_USER_PATHS = NO;
				CLANG_ANALYZER_NONNULL = YES;
				CLANG_ANALYZER_NUMBER_OBJECT_CONVERSION = YES_AGGRESSIVE;
				CLANG_CXX_LANGUAGE_STANDARD = "gnu++14";
				CLANG_CXX_LIBRARY = "libc++";
				CLANG_ENABLE_MODULES = YES;
				CLANG_ENABLE_OBJC_ARC = YES;
				CLANG_ENABLE_OBJC_WEAK = YES;
				CLANG_WARN_BLOCK_CAPTURE_AUTORELEASING = YES;
				CLANG_WARN_BOOL_CONVERSION = YES;
				CLANG_WARN_COMMA = YES;
				CLANG_WARN_CONSTANT_CONVERSION = YES;
				CLANG_WARN_DEPRECATED_OBJC_IMPLEMENTATIONS = YES;
				CLANG_WARN_DIRECT_OBJC_ISA_USAGE = YES_ERROR;
				CLANG_WARN_DOCUMENTATION_COMMENTS = YES;
				CLANG_WARN_EMPTY_BODY = YES;
				CLANG_WARN_ENUM_CONVERSION = YES;
				CLANG_WARN_INFINITE_RECURSION = YES;
				CLANG_WARN_INT_CONVERSION = YES;
				CLANG_WARN_NON_LITERAL_NULL_CONVERSION = YES;
				CLANG_WARN_OBJC_IMPLICIT_RETAIN_SELF = YES;
				CLANG_WARN_OBJC_LITERAL_CONVERSION = YES;
				CLANG_WARN_OBJC_ROOT_CLASS = YES_ERROR;
				CLANG_WARN_QUOTED_INCLUDE_IN_FRAMEWORK_HEADER = YES;
				CLANG_WARN_RANGE_LOOP_ANALYSIS = YES;
				CLANG_WARN_STRICT_PROTOTYPES = YES;
				CLANG_WARN_SUSPICIOUS_MOVE = YES;
				CLANG_WARN_UNGUARDED_AVAILABILITY = YES_AGGRESSIVE;
				CLANG_WARN_UNREACHABLE_CODE = YES;
				CLANG_WARN__DUPLICATE_METHOD_MATCH = YES;
				COPY_PHASE_STRIP = NO;
				DEBUG_INFORMATION_FORMAT = "dwarf-with-dsym";
				ENABLE_NS_ASSERTIONS = NO;
				ENABLE_STRICT_OBJC_MSGSEND = YES;
				GCC_C_LANGUAGE_STANDARD = gnu11;
				GCC_NO_COMMON_BLOCKS = YES;
				GCC_WARN_64_TO_32_BIT_CONVERSION = YES;
				GCC_WARN_ABOUT_RETURN_TYPE = YES_ERROR;
				GCC_WARN_UNDECLARED_SELECTOR = YES;
				GCC_WARN_UNINITIALIZED_AUTOS = YES_AGGRESSIVE;
				GCC_WARN_UNUSED_FUNCTION = YES;
				GCC_WARN_UNUSED_VARIABLE = YES;
				IPHONEOS_DEPLOYMENT_TARGET = 14.5;
				MTL_ENABLE_DEBUG_INFO = NO;
				MTL_FAST_MATH = YES;
				SDKROOT = iphoneos;
				SWIFT_COMPILATION_MODE = wholemodule;
				SWIFT_OPTIMIZATION_LEVEL = "-O";
				VALIDATE_PRODUCT = YES;
			};
			name = Release;
		};
		6E6B2B7E26C6856A003D91C7 /* Debug */ = {
			isa = XCBuildConfiguration;
			baseConfigurationReference = CBDD34D59800493656772A7D /* Pods-chitchat.debug.xcconfig */;
			buildSettings = {
				ASSETCATALOG_COMPILER_APPICON_NAME = AppIcon;
				ASSETCATALOG_COMPILER_GLOBAL_ACCENT_COLOR_NAME = AccentColor;
				CODE_SIGN_STYLE = Automatic;
				DEVELOPMENT_TEAM = RXM6R95D6P;
				INFOPLIST_FILE = chitchat/Info.plist;
				LD_RUNPATH_SEARCH_PATHS = (
					"$(inherited)",
					"@executable_path/Frameworks",
				);
				PRODUCT_BUNDLE_IDENTIFIER = com.liza.chitchat;
				PRODUCT_NAME = "$(TARGET_NAME)";
				SWIFT_VERSION = 5.0;
				TARGETED_DEVICE_FAMILY = "1,2";
			};
			name = Debug;
		};
		6E6B2B7F26C6856A003D91C7 /* Release */ = {
			isa = XCBuildConfiguration;
			baseConfigurationReference = 5565AB59DA60E3326427CFCE /* Pods-chitchat.release.xcconfig */;
			buildSettings = {
				ASSETCATALOG_COMPILER_APPICON_NAME = AppIcon;
				ASSETCATALOG_COMPILER_GLOBAL_ACCENT_COLOR_NAME = AccentColor;
				CODE_SIGN_STYLE = Automatic;
				DEVELOPMENT_TEAM = RXM6R95D6P;
				INFOPLIST_FILE = chitchat/Info.plist;
				LD_RUNPATH_SEARCH_PATHS = (
					"$(inherited)",
					"@executable_path/Frameworks",
				);
				PRODUCT_BUNDLE_IDENTIFIER = com.liza.chitchat;
				PRODUCT_NAME = "$(TARGET_NAME)";
				SWIFT_VERSION = 5.0;
				TARGETED_DEVICE_FAMILY = "1,2";
			};
			name = Release;
		};
/* End XCBuildConfiguration section */

/* Begin XCConfigurationList section */
		6E6B2B6426C68568003D91C7 /* Build configuration list for PBXProject "chitchat" */ = {
			isa = XCConfigurationList;
			buildConfigurations = (
				6E6B2B7B26C6856A003D91C7 /* Debug */,
				6E6B2B7C26C6856A003D91C7 /* Release */,
			);
			defaultConfigurationIsVisible = 0;
			defaultConfigurationName = Release;
		};
		6E6B2B7D26C6856A003D91C7 /* Build configuration list for PBXNativeTarget "chitchat" */ = {
			isa = XCConfigurationList;
			buildConfigurations = (
				6E6B2B7E26C6856A003D91C7 /* Debug */,
				6E6B2B7F26C6856A003D91C7 /* Release */,
			);
			defaultConfigurationIsVisible = 0;
			defaultConfigurationName = Release;
		};
/* End XCConfigurationList section */
	};
	rootObject = 6E6B2B6126C68568003D91C7 /* Project object */;
}
